
Microsoft Visual Studio Solution File, Format Version 12.00
# Visual Studio Version 16
VisualStudioVersion = 16.0.30128.74
MinimumVisualStudioVersion = 10.0.40219.1
Project("{888888A0-9F3D-457C-B088-3A5042F75D52}") = "open-dreambox-enigma2", "open-dreambox-enigma2.pyproj", "{683CA5C1-139F-477F-A775-EEDB58CCC2CC}"
EndProject
Global
	GlobalSection(SolutionConfigurationPlatforms) = preSolution
		Debug|Any CPU = Debug|Any CPU
		Release|Any CPU = Release|Any CPU
	EndGlobalSection
	GlobalSection(ProjectConfigurationPlatforms) = postSolution
		{683CA5C1-139F-477F-A775-EEDB58CCC2CC}.Debug|Any CPU.ActiveCfg = Debug|Any CPU
		{683CA5C1-139F-477F-A775-EEDB58CCC2CC}.Release|Any CPU.ActiveCfg = Release|Any CPU
	EndGlobalSection
	GlobalSection(SolutionProperties) = preSolution
		HideSolutionNode = FALSE
	EndGlobalSection
	GlobalSection(ExtensibilityGlobals) = postSolution
		SolutionGuid = {E550E871-44B1-45ED-BA73-7EFEDE403E72}
	EndGlobalSection
EndGlobal
